
Microsoft Visual Studio Solution File, Format Version 12.00
# Visual Studio Version 17
VisualStudioVersion = 17.0.31903.59
MinimumVisualStudioVersion = 10.0.40219.1
Project("{FAE04EC0-301F-11D3-BF4B-00C04F79EFBC}") = "FileBlogSystem", "FileBlogSystem\FileBlogSystem.csproj", "{B15B02B4-D59A-414F-9201-4052C7BC9856}"
EndProject
Project("{2150E333-8FDC-42A3-9474-1A3956D46DE8}") = "Tools", "Tools", "{07C2787E-EAC7-C090-1BA3-A61EC2A24D84}"
EndProject
Project("{FAE04EC0-301F-11D3-BF4B-00C04F79EFBC}") = "CreateUserTool", "Tools\CreateUserTool\CreateUserTool.csproj", "{A41E3F86-F366-4851-807F-67EE68CD20C8}"
EndProject
Project("{FAE04EC0-301F-11D3-BF4B-00C04F79EFBC}") = "RouteSyncTool", "Tools\RouteSyncTool\RouteSyncTool.csproj", "{E781E88D-1CE7-48C9-B79C-459C1D1867B9}"
EndProject
Global
	GlobalSection(SolutionConfigurationPlatforms) = preSolution
		Debug|Any CPU = Debug|Any CPU
		Debug|x64 = Debug|x64
		Debug|x86 = Debug|x86
		Release|Any CPU = Release|Any CPU
		Release|x64 = Release|x64
		Release|x86 = Release|x86
	EndGlobalSection
	GlobalSection(ProjectConfigurationPlatforms) = postSolution
		{B15B02B4-D59A-414F-9201-4052C7BC9856}.Debug|Any CPU.ActiveCfg = Debug|Any CPU
		{B15B02B4-D59A-414F-9201-4052C7BC9856}.Debug|Any CPU.Build.0 = Debug|Any CPU
		{B15B02B4-D59A-414F-9201-4052C7BC9856}.Debug|x64.ActiveCfg = Debug|Any CPU
		{B15B02B4-D59A-414F-9201-4052C7BC9856}.Debug|x64.Build.0 = Debug|Any CPU
		{B15B02B4-D59A-414F-9201-4052C7BC9856}.Debug|x86.ActiveCfg = Debug|Any CPU
		{B15B02B4-D59A-414F-9201-4052C7BC9856}.Debug|x86.Build.0 = Debug|Any CPU
		{B15B02B4-D59A-414F-9201-4052C7BC9856}.Release|Any CPU.ActiveCfg = Release|Any CPU
		{B15B02B4-D59A-414F-9201-4052C7BC9856}.Release|Any CPU.Build.0 = Release|Any CPU
		{B15B02B4-D59A-414F-9201-4052C7BC9856}.Release|x64.ActiveCfg = Release|Any CPU
		{B15B02B4-D59A-414F-9201-4052C7BC9856}.Release|x64.Build.0 = Release|Any CPU
		{B15B02B4-D59A-414F-9201-4052C7BC9856}.Release|x86.ActiveCfg = Release|Any CPU
		{B15B02B4-D59A-414F-9201-4052C7BC9856}.Release|x86.Build.0 = Release|Any CPU
		{A41E3F86-F366-4851-807F-67EE68CD20C8}.Debug|Any CPU.ActiveCfg = Debug|Any CPU
		{A41E3F86-F366-4851-807F-67EE68CD20C8}.Debug|Any CPU.Build.0 = Debug|Any CPU
		{A41E3F86-F366-4851-807F-67EE68CD20C8}.Debug|x64.ActiveCfg = Debug|Any CPU
		{A41E3F86-F366-4851-807F-67EE68CD20C8}.Debug|x64.Build.0 = Debug|Any CPU
		{A41E3F86-F366-4851-807F-67EE68CD20C8}.Debug|x86.ActiveCfg = Debug|Any CPU
		{A41E3F86-F366-4851-807F-67EE68CD20C8}.Debug|x86.Build.0 = Debug|Any CPU
		{A41E3F86-F366-4851-807F-67EE68CD20C8}.Release|Any CPU.ActiveCfg = Release|Any CPU
		{A41E3F86-F366-4851-807F-67EE68CD20C8}.Release|Any CPU.Build.0 = Release|Any CPU
		{A41E3F86-F366-4851-807F-67EE68CD20C8}.Release|x64.ActiveCfg = Release|Any CPU
		{A41E3F86-F366-4851-807F-67EE68CD20C8}.Release|x64.Build.0 = Release|Any CPU
		{A41E3F86-F366-4851-807F-67EE68CD20C8}.Release|x86.ActiveCfg = Release|Any CPU
		{A41E3F86-F366-4851-807F-67EE68CD20C8}.Release|x86.Build.0 = Release|Any CPU
		{E781E88D-1CE7-48C9-B79C-459C1D1867B9}.Debug|Any CPU.ActiveCfg = Debug|Any CPU
		{E781E88D-1CE7-48C9-B79C-459C1D1867B9}.Debug|Any CPU.Build.0 = Debug|Any CPU
		{E781E88D-1CE7-48C9-B79C-459C1D1867B9}.Debug|x64.ActiveCfg = Debug|Any CPU
		{E781E88D-1CE7-48C9-B79C-459C1D1867B9}.Debug|x64.Build.0 = Debug|Any CPU
		{E781E88D-1CE7-48C9-B79C-459C1D1867B9}.Debug|x86.ActiveCfg = Debug|Any CPU
		{E781E88D-1CE7-48C9-B79C-459C1D1867B9}.Debug|x86.Build.0 = Debug|Any CPU
		{E781E88D-1CE7-48C9-B79C-459C1D1867B9}.Release|Any CPU.ActiveCfg = Release|Any CPU
		{E781E88D-1CE7-48C9-B79C-459C1D1867B9}.Release|Any CPU.Build.0 = Release|Any CPU
		{E781E88D-1CE7-48C9-B79C-459C1D1867B9}.Release|x64.ActiveCfg = Release|Any CPU
		{E781E88D-1CE7-48C9-B79C-459C1D1867B9}.Release|x64.Build.0 = Release|Any CPU
		{E781E88D-1CE7-48C9-B79C-459C1D1867B9}.Release|x86.ActiveCfg = Release|Any CPU
		{E781E88D-1CE7-48C9-B79C-459C1D1867B9}.Release|x86.Build.0 = Release|Any CPU
	EndGlobalSection
	GlobalSection(SolutionProperties) = preSolution
		HideSolutionNode = FALSE
	EndGlobalSection
	GlobalSection(NestedProjects) = preSolution
		{A41E3F86-F366-4851-807F-67EE68CD20C8} = {07C2787E-EAC7-C090-1BA3-A61EC2A24D84}
		{E781E88D-1CE7-48C9-B79C-459C1D1867B9} = {07C2787E-EAC7-C090-1BA3-A61EC2A24D84}
	EndGlobalSection
EndGlobal
